
Microsoft Visual Studio Solution File, Format Version 12.00
# Visual Studio 15
VisualStudioVersion = 15.0.28010.2046
MinimumVisualStudioVersion = 10.0.40219.1
Project("{FAE04EC0-301F-11D3-BF4B-00C04F79EFBC}") = "ModniteServer", "ModniteServer\ModniteServer.csproj", "{21EE4C5E-3C46-4885-9D30-CE1B497F0908}"
EndProject
Project("{9A19103F-16F7-4668-BE54-9A1E7A4F7556}") = "ModniteServer.API", "ModniteServer.Api\ModniteServer.API.csproj", "{8AA47228-BA31-484F-ABB6-C91B5E3EE5BE}"
EndProject
Project("{9A19103F-16F7-4668-BE54-9A1E7A4F7556}") = "ModniteServer.Services", "ModniteServer.Services\ModniteServer.Services.csproj", "{6959E822-FE2F-4D13-B3EF-2AA7C8D58EA9}"
EndProject
Global
	GlobalSection(SolutionConfigurationPlatforms) = preSolution
		Debug|Any CPU = Debug|Any CPU
		Release|Any CPU = Release|Any CPU
	EndGlobalSection
	GlobalSection(ProjectConfigurationPlatforms) = postSolution
		{21EE4C5E-3C46-4885-9D30-CE1B497F0908}.Debug|Any CPU.ActiveCfg = Debug|Any CPU
		{21EE4C5E-3C46-4885-9D30-CE1B497F0908}.Debug|Any CPU.Build.0 = Debug|Any CPU
		{21EE4C5E-3C46-4885-9D30-CE1B497F0908}.Release|Any CPU.ActiveCfg = Release|Any CPU
		{21EE4C5E-3C46-4885-9D30-CE1B497F0908}.Release|Any CPU.Build.0 = Release|Any CPU
		{8AA47228-BA31-484F-ABB6-C91B5E3EE5BE}.Debug|Any CPU.ActiveCfg = Debug|Any CPU
		{8AA47228-BA31-484F-ABB6-C91B5E3EE5BE}.Debug|Any CPU.Build.0 = Debug|Any CPU
		{8AA47228-BA31-484F-ABB6-C91B5E3EE5BE}.Release|Any CPU.ActiveCfg = Release|Any CPU
		{8AA47228-BA31-484F-ABB6-C91B5E3EE5BE}.Release|Any CPU.Build.0 = Release|Any CPU
		{6959E822-FE2F-4D13-B3EF-2AA7C8D58EA9}.Debug|Any CPU.ActiveCfg = Debug|Any CPU
		{6959E822-FE2F-4D13-B3EF-2AA7C8D58EA9}.Debug|Any CPU.Build.0 = Debug|Any CPU
		{6959E822-FE2F-4D13-B3EF-2AA7C8D58EA9}.Release|Any CPU.ActiveCfg = Release|Any CPU
		{6959E822-FE2F-4D13-B3EF-2AA7C8D58EA9}.Release|Any CPU.Build.0 = Release|Any CPU
	EndGlobalSection
	GlobalSection(SolutionProperties) = preSolution
		HideSolutionNode = FALSE
	EndGlobalSection
	GlobalSection(ExtensibilityGlobals) = postSolution
		SolutionGuid = {7D4FDCB0-DD8B-4268-B83E-90F149BBE1DA}
	EndGlobalSection
EndGlobal
